
Microsoft Visual Studio Solution File, Format Version 12.00
# Visual Studio Version 16
VisualStudioVersion = 16.0.32630.194
MinimumVisualStudioVersion = 10.0.40219.1
Project("{8BC9CEB8-8B4A-11D0-8D11-00A0C91BC942}") = "88合并两个有序数组", "LeetInterviewHot100\LeetInterviewHot100.vcxproj", "{CE95B3D9-59E1-48EE-B2E7-44618991662D}"
EndProject
Project("{8BC9CEB8-8B4A-11D0-8D11-00A0C91BC942}") = "27移除元素", "27移除元素\27移除元素.vcxproj", "{F2798AC8-6E2E-41C3-845F-A3612DF2831A}"
EndProject
Project("{8BC9CEB8-8B4A-11D0-8D11-00A0C91BC942}") = "26删除有序数组的重复项", "26删除有序数组的重复项\26删除有序数组的重复项.vcxproj", "{F821EA8D-1B3C-4E0C-9295-1069980D8D2D}"
EndProject
Project("{8BC9CEB8-8B4A-11D0-8D11-00A0C91BC942}") = "80删除有序数组中的重复项II", "80删除有序数组中的重复项\80删除有序数组中的重复项.vcxproj", "{03C35956-05E4-41E0-BE99-1C911D65987E}"
EndProject
Project("{8BC9CEB8-8B4A-11D0-8D11-00A0C91BC942}") = "169多数元素", "169多数元素\169多数元素.vcxproj", "{6E6065C7-46FD-4216-AB5F-C8BF527E7A0B}"
EndProject
Project("{8BC9CEB8-8B4A-11D0-8D11-00A0C91BC942}") = "189轮转数组", "轮转数组\轮转数组.vcxproj", "{7EE55FB2-35A4-4544-A79F-EABAF4CF17DB}"
EndProject
Global
	GlobalSection(SolutionConfigurationPlatforms) = preSolution
		Debug|x64 = Debug|x64
		Debug|x86 = Debug|x86
		Release|x64 = Release|x64
		Release|x86 = Release|x86
	EndGlobalSection
	GlobalSection(ProjectConfigurationPlatforms) = postSolution
		{CE95B3D9-59E1-48EE-B2E7-44618991662D}.Debug|x64.ActiveCfg = Debug|x64
		{CE95B3D9-59E1-48EE-B2E7-44618991662D}.Debug|x64.Build.0 = Debug|x64
		{CE95B3D9-59E1-48EE-B2E7-44618991662D}.Debug|x86.ActiveCfg = Debug|Win32
		{CE95B3D9-59E1-48EE-B2E7-44618991662D}.Debug|x86.Build.0 = Debug|Win32
		{CE95B3D9-59E1-48EE-B2E7-44618991662D}.Release|x64.ActiveCfg = Release|x64
		{CE95B3D9-59E1-48EE-B2E7-44618991662D}.Release|x64.Build.0 = Release|x64
		{CE95B3D9-59E1-48EE-B2E7-44618991662D}.Release|x86.ActiveCfg = Release|Win32
		{CE95B3D9-59E1-48EE-B2E7-44618991662D}.Release|x86.Build.0 = Release|Win32
		{F2798AC8-6E2E-41C3-845F-A3612DF2831A}.Debug|x64.ActiveCfg = Debug|x64
		{F2798AC8-6E2E-41C3-845F-A3612DF2831A}.Debug|x64.Build.0 = Debug|x64
		{F2798AC8-6E2E-41C3-845F-A3612DF2831A}.Debug|x86.ActiveCfg = Debug|Win32
		{F2798AC8-6E2E-41C3-845F-A3612DF2831A}.Debug|x86.Build.0 = Debug|Win32
		{F2798AC8-6E2E-41C3-845F-A3612DF2831A}.Release|x64.ActiveCfg = Release|x64
		{F2798AC8-6E2E-41C3-845F-A3612DF2831A}.Release|x64.Build.0 = Release|x64
		{F2798AC8-6E2E-41C3-845F-A3612DF2831A}.Release|x86.ActiveCfg = Release|Win32
		{F2798AC8-6E2E-41C3-845F-A3612DF2831A}.Release|x86.Build.0 = Release|Win32
		{F821EA8D-1B3C-4E0C-9295-1069980D8D2D}.Debug|x64.ActiveCfg = Debug|x64
		{F821EA8D-1B3C-4E0C-9295-1069980D8D2D}.Debug|x64.Build.0 = Debug|x64
		{F821EA8D-1B3C-4E0C-9295-1069980D8D2D}.Debug|x86.ActiveCfg = Debug|Win32
		{F821EA8D-1B3C-4E0C-9295-1069980D8D2D}.Debug|x86.Build.0 = Debug|Win32
		{F821EA8D-1B3C-4E0C-9295-1069980D8D2D}.Release|x64.ActiveCfg = Release|x64
		{F821EA8D-1B3C-4E0C-9295-1069980D8D2D}.Release|x64.Build.0 = Release|x64
		{F821EA8D-1B3C-4E0C-9295-1069980D8D2D}.Release|x86.ActiveCfg = Release|Win32
		{F821EA8D-1B3C-4E0C-9295-1069980D8D2D}.Release|x86.Build.0 = Release|Win32
		{03C35956-05E4-41E0-BE99-1C911D65987E}.Debug|x64.ActiveCfg = Debug|x64
		{03C35956-05E4-41E0-BE99-1C911D65987E}.Debug|x64.Build.0 = Debug|x64
		{03C35956-05E4-41E0-BE99-1C911D65987E}.Debug|x86.ActiveCfg = Debug|Win32
		{03C35956-05E4-41E0-BE99-1C911D65987E}.Debug|x86.Build.0 = Debug|Win32
		{03C35956-05E4-41E0-BE99-1C911D65987E}.Release|x64.ActiveCfg = Release|x64
		{03C35956-05E4-41E0-BE99-1C911D65987E}.Release|x64.Build.0 = Release|x64
		{03C35956-05E4-41E0-BE99-1C911D65987E}.Release|x86.ActiveCfg = Release|Win32
		{03C35956-05E4-41E0-BE99-1C911D65987E}.Release|x86.Build.0 = Release|Win32
		{6E6065C7-46FD-4216-AB5F-C8BF527E7A0B}.Debug|x64.ActiveCfg = Debug|x64
		{6E6065C7-46FD-4216-AB5F-C8BF527E7A0B}.Debug|x64.Build.0 = Debug|x64
		{6E6065C7-46FD-4216-AB5F-C8BF527E7A0B}.Debug|x86.ActiveCfg = Debug|Win32
		{6E6065C7-46FD-4216-AB5F-C8BF527E7A0B}.Debug|x86.Build.0 = Debug|Win32
		{6E6065C7-46FD-4216-AB5F-C8BF527E7A0B}.Release|x64.ActiveCfg = Release|x64
		{6E6065C7-46FD-4216-AB5F-C8BF527E7A0B}.Release|x64.Build.0 = Release|x64
		{6E6065C7-46FD-4216-AB5F-C8BF527E7A0B}.Release|x86.ActiveCfg = Release|Win32
		{6E6065C7-46FD-4216-AB5F-C8BF527E7A0B}.Release|x86.Build.0 = Release|Win32
		{7EE55FB2-35A4-4544-A79F-EABAF4CF17DB}.Debug|x64.ActiveCfg = Debug|x64
		{7EE55FB2-35A4-4544-A79F-EABAF4CF17DB}.Debug|x64.Build.0 = Debug|x64
		{7EE55FB2-35A4-4544-A79F-EABAF4CF17DB}.Debug|x86.ActiveCfg = Debug|Win32
		{7EE55FB2-35A4-4544-A79F-EABAF4CF17DB}.Debug|x86.Build.0 = Debug|Win32
		{7EE55FB2-35A4-4544-A79F-EABAF4CF17DB}.Release|x64.ActiveCfg = Release|x64
		{7EE55FB2-35A4-4544-A79F-EABAF4CF17DB}.Release|x64.Build.0 = Release|x64
		{7EE55FB2-35A4-4544-A79F-EABAF4CF17DB}.Release|x86.ActiveCfg = Release|Win32
		{7EE55FB2-35A4-4544-A79F-EABAF4CF17DB}.Release|x86.Build.0 = Release|Win32
	EndGlobalSection
	GlobalSection(SolutionProperties) = preSolution
		HideSolutionNode = FALSE
	EndGlobalSection
	GlobalSection(ExtensibilityGlobals) = postSolution
		SolutionGuid = {7DFBCA7F-C2A4-4D72-A7C6-0958E71DBCF2}
	EndGlobalSection
EndGlobal
